
Microsoft Visual Studio Solution File, Format Version 12.00
# Visual Studio Version 17
VisualStudioVersion = 17.14.36203.30 d17.14
MinimumVisualStudioVersion = 10.0.40219.1
Project("{FAE04EC0-301F-11D3-BF4B-00C04F79EFBC}") = "MagicFilesLib", "MagicFilesLib\MagicFilesLib.csproj", "{D9FCEC33-F093-4941-AF8A-AF562AF33752}"
EndProject
Project("{FAE04EC0-301F-11D3-BF4B-00C04F79EFBC}") = "DirectoryExplorer.test", "DirectoryExplorer.test\DirectoryExplorer.test.csproj", "{0147175A-280E-4041-A5E6-88756467E686}"
EndProject
Global
	GlobalSection(SolutionConfigurationPlatforms) = preSolution
		Debug|Any CPU = Debug|Any CPU
		Release|Any CPU = Release|Any CPU
	EndGlobalSection
	GlobalSection(ProjectConfigurationPlatforms) = postSolution
		{D9FCEC33-F093-4941-AF8A-AF562AF33752}.Debug|Any CPU.ActiveCfg = Debug|Any CPU
		{D9FCEC33-F093-4941-AF8A-AF562AF33752}.Debug|Any CPU.Build.0 = Debug|Any CPU
		{D9FCEC33-F093-4941-AF8A-AF562AF33752}.Release|Any CPU.ActiveCfg = Release|Any CPU
		{D9FCEC33-F093-4941-AF8A-AF562AF33752}.Release|Any CPU.Build.0 = Release|Any CPU
		{0147175A-280E-4041-A5E6-88756467E686}.Debug|Any CPU.ActiveCfg = Debug|Any CPU
		{0147175A-280E-4041-A5E6-88756467E686}.Debug|Any CPU.Build.0 = Debug|Any CPU
		{0147175A-280E-4041-A5E6-88756467E686}.Release|Any CPU.ActiveCfg = Release|Any CPU
		{0147175A-280E-4041-A5E6-88756467E686}.Release|Any CPU.Build.0 = Release|Any CPU
	EndGlobalSection
	GlobalSection(SolutionProperties) = preSolution
		HideSolutionNode = FALSE
	EndGlobalSection
	GlobalSection(ExtensibilityGlobals) = postSolution
		SolutionGuid = {C735135D-E164-4022-9D96-58B75D4E5EBF}
	EndGlobalSection
EndGlobal
