
Microsoft Visual Studio Solution File, Format Version 12.00
# Visual Studio Version 17
VisualStudioVersion = 17.14.36203.30 d17.14
MinimumVisualStudioVersion = 10.0.40219.1
Project("{FAE04EC0-301F-11D3-BF4B-00C04F79EFBC}") = "ObserverPatternExample", "ObserverPatternExample\ObserverPatternExample.csproj", "{42312B88-3470-4C57-A00C-8285D0ED009F}"
EndProject
Global
	GlobalSection(SolutionConfigurationPlatforms) = preSolution
		Debug|Any CPU = Debug|Any CPU
		Release|Any CPU = Release|Any CPU
	EndGlobalSection
	GlobalSection(ProjectConfigurationPlatforms) = postSolution
		{42312B88-3470-4C57-A00C-8285D0ED009F}.Debug|Any CPU.ActiveCfg = Debug|Any CPU
		{42312B88-3470-4C57-A00C-8285D0ED009F}.Debug|Any CPU.Build.0 = Debug|Any CPU
		{42312B88-3470-4C57-A00C-8285D0ED009F}.Release|Any CPU.ActiveCfg = Release|Any CPU
		{42312B88-3470-4C57-A00C-8285D0ED009F}.Release|Any CPU.Build.0 = Release|Any CPU
	EndGlobalSection
	GlobalSection(SolutionProperties) = preSolution
		HideSolutionNode = FALSE
	EndGlobalSection
	GlobalSection(ExtensibilityGlobals) = postSolution
		SolutionGuid = {E0A2F706-E484-4B81-8FBE-A6E0F180D8D8}
	EndGlobalSection
EndGlobal
